{
    "_readme": [
        "This file locks the dependencies of your project to a known state",
        "Read more about it at http://getcomposer.org/doc/01-basic-usage.md#composer-lock-the-lock-file",
        "This file is @generated automatically"
    ],
    "hash": "9c96b0f13936e61e0048b602154e9f94",
    "packages": [
        {
            "name": "phpsec/phpsec",
            "version": "0.6.5",
            "source": {
                "type": "git",
                "url": "https://github.com/phpsec/phpSec.git",
                "reference": "16c0c8b0f849a46e10159eb26e317a0cc5979481"
            },
            "dist": {
                "type": "zip",
                "url": "https://api.github.com/repos/phpsec/phpSec/zipball/16c0c8b0f849a46e10159eb26e317a0cc5979481",
                "reference": "16c0c8b0f849a46e10159eb26e317a0cc5979481",
                "shasum": ""
            },
            "require": {
                "php": ">=5.3.7",
                "pimple/pimple": "~1.0"
            },
            "suggest": {
                "ext-mcrypt": "The Mcrypt extension is used to encrypt data.",
                "ext-openssl": "The OpenSSL extension is used as a secure source of random data."
            },
            "type": "library",
            "autoload": {
                "psr-0": {
                    "phpSec": "lib/"
                }
            },
            "notification-url": "https://packagist.org/downloads/",
            "license": [
                "MIT"
            ],
            "authors": [
                {
                    "name": "Audun Larsen",
                    "email": "larsen@xqus.com",
                    "homepage": "http://xqus.com",
                    "role": "Developer"
                }
            ],
            "description": "A PHP security library",
            "homepage": "https://phpseclib.com/",
            "keywords": [
                "authy",
                "cryptography",
                "encryption",
                "google auth",
                "otp",
                "security",
                "session",
                "yubikey"
            ],
            "time": "2014-11-03 18:35:42"
        },
        {
            "name": "pimple/pimple",
            "version": "v1.1.1",
            "source": {
                "type": "git",
                "url": "https://github.com/silexphp/Pimple.git",
                "reference": "2019c145fe393923f3441b23f29bbdfaa5c58c4d"
            },
            "dist": {
                "type": "zip",
                "url": "https://api.github.com/repos/silexphp/Pimple/zipball/2019c145fe393923f3441b23f29bbdfaa5c58c4d",
                "reference": "2019c145fe393923f3441b23f29bbdfaa5c58c4d",
                "shasum": ""
            },
            "require": {
                "php": ">=5.3.0"
            },
            "type": "library",
            "extra": {
                "branch-alias": {
                    "dev-master": "1.1.x-dev"
                }
            },
            "autoload": {
                "psr-0": {
                    "Pimple": "lib/"
                }
            },
            "notification-url": "https://packagist.org/downloads/",
            "license": [
                "MIT"
            ],
            "authors": [
                {
                    "name": "Fabien Potencier",
                    "email": "fabien@symfony.com"
                }
            ],
            "description": "Pimple is a simple Dependency Injection Container for PHP 5.3",
            "homepage": "http://pimple.sensiolabs.org",
            "keywords": [
                "container",
                "dependency injection"
            ],
            "time": "2013-11-22 08:30:29"
        }
    ],
    "packages-dev": [],
    "aliases": [],
    "minimum-stability": "stable",
    "stability-flags": [],
    "prefer-stable": false,
    "prefer-lowest": false,
    "platform": [],
    "platform-dev": []
}
